
Microsoft Visual Studio Solution File, Format Version 11.00
# Visual Studio 2010
Project("{FAE04EC0-301F-11D3-BF4B-00C04F79EFBC}") = "Assembly-CSharp", "Assembly-CSharp.csproj", "{401482DD-61EB-7AED-116E-43E36922BA48}"
EndProject
Project("{FAE04EC0-301F-11D3-BF4B-00C04F79EFBC}") = "Assembly-CSharp-Editor", "Assembly-CSharp-Editor.csproj", "{6F260613-B075-2B58-7BF1-63178F112052}"
EndProject
Global
	GlobalSection(SolutionConfigurationPlatforms) = preSolution
		Debug|Any CPU = Debug|Any CPU
		Release|Any CPU = Release|Any CPU
	EndGlobalSection
	GlobalSection(ProjectConfigurationPlatforms) = postSolution
		{401482DD-61EB-7AED-116E-43E36922BA48}.Debug|Any CPU.ActiveCfg = Debug|Any CPU
		{401482DD-61EB-7AED-116E-43E36922BA48}.Debug|Any CPU.Build.0 = Debug|Any CPU
		{401482DD-61EB-7AED-116E-43E36922BA48}.Release|Any CPU.ActiveCfg = Release|Any CPU
		{401482DD-61EB-7AED-116E-43E36922BA48}.Release|Any CPU.Build.0 = Release|Any CPU
		{6F260613-B075-2B58-7BF1-63178F112052}.Debug|Any CPU.ActiveCfg = Debug|Any CPU
		{6F260613-B075-2B58-7BF1-63178F112052}.Debug|Any CPU.Build.0 = Debug|Any CPU
		{6F260613-B075-2B58-7BF1-63178F112052}.Release|Any CPU.ActiveCfg = Release|Any CPU
		{6F260613-B075-2B58-7BF1-63178F112052}.Release|Any CPU.Build.0 = Release|Any CPU
	EndGlobalSection
	GlobalSection(SolutionProperties) = preSolution
		HideSolutionNode = FALSE
	EndGlobalSection
	GlobalSection(MonoDevelopProperties) = preSolution
		StartupItem = Assembly-CSharp.csproj
	EndGlobalSection
EndGlobal
